
Microsoft Visual Studio Solution File, Format Version 12.00
# Visual Studio Version 16
VisualStudioVersion = 16.0.31624.102
MinimumVisualStudioVersion = 10.0.40219.1
Project("{FAE04EC0-301F-11D3-BF4B-00C04F79EFBC}") = "MIlestones", "MIlestones.csproj", "{9E0173F1-6A58-456C-81CD-C6309AE1437B}"
EndProject
Global
	GlobalSection(SolutionConfigurationPlatforms) = preSolution
		Debug|Any CPU = Debug|Any CPU
		Release|Any CPU = Release|Any CPU
	EndGlobalSection
	GlobalSection(ProjectConfigurationPlatforms) = postSolution
		{9E0173F1-6A58-456C-81CD-C6309AE1437B}.Debug|Any CPU.ActiveCfg = Debug|Any CPU
		{9E0173F1-6A58-456C-81CD-C6309AE1437B}.Debug|Any CPU.Build.0 = Debug|Any CPU
		{9E0173F1-6A58-456C-81CD-C6309AE1437B}.Release|Any CPU.ActiveCfg = Release|Any CPU
		{9E0173F1-6A58-456C-81CD-C6309AE1437B}.Release|Any CPU.Build.0 = Release|Any CPU
	EndGlobalSection
	GlobalSection(SolutionProperties) = preSolution
		HideSolutionNode = FALSE
	EndGlobalSection
	GlobalSection(ExtensibilityGlobals) = postSolution
		SolutionGuid = {7ED7725F-42DE-4575-AE39-51C59EB482C7}
	EndGlobalSection
EndGlobal
